Microsoft Visual Studio Solution File, Format Version 12.00
# Visual Studio Version 17
VisualStudioVersion = 17.5.2.0
MinimumVisualStudioVersion = 10.0.40219.1
Project("{FAE04EC0-301F-11D3-BF4B-00C04F79EFBC}") = "ironocr-service", "ironocr-service\ironocr-service.csproj", "{61935600-C8BD-B6CC-B500-7FA3E14AF9D4}"
EndProject
Global
	GlobalSection(SolutionConfigurationPlatforms) = preSolution
		Debug|Any CPU = Debug|Any CPU
		Release|Any CPU = Release|Any CPU
	EndGlobalSection
	GlobalSection(ProjectConfigurationPlatforms) = postSolution
		{61935600-C8BD-B6CC-B500-7FA3E14AF9D4}.Debug|Any CPU.ActiveCfg = Debug|Any CPU
		{61935600-C8BD-B6CC-B500-7FA3E14AF9D4}.Debug|Any CPU.Build.0 = Debug|Any CPU
		{61935600-C8BD-B6CC-B500-7FA3E14AF9D4}.Release|Any CPU.ActiveCfg = Release|Any CPU
		{61935600-C8BD-B6CC-B500-7FA3E14AF9D4}.Release|Any CPU.Build.0 = Release|Any CPU
	EndGlobalSection
	GlobalSection(SolutionProperties) = preSolution
		HideSolutionNode = FALSE
	EndGlobalSection
	GlobalSection(ExtensibilityGlobals) = postSolution
		SolutionGuid = {28350BC1-DD98-4092-89F6-6B0FE4E593F2}
	EndGlobalSection
EndGlobal
